// !$*UTF8*$!
{
	archiveVersion = 1;
	classes = {
	};
	objectVersion = 45;
	objects = {

/* Begin PBXBuildFile section */
		1D3623260D0F684500981E51 /* LayoutManagersAppDelegate.m in Sources */ = {isa = PBXBuildFile; fileRef = 1D3623250D0F684500981E51 /* LayoutManagersAppDelegate.m */; };
		1D60589B0D05DD56006BFB54 /* main.m in Sources */ = {isa = PBXBuildFile; fileRef = 29B97316FDCFA39411CA2CEA /* main.m */; };
		1D60589F0D05DD5A006BFB54 /* Foundation.framework in Frameworks */ = {isa = PBXBuildFile; fileRef = 1D30AB110D05D00D00671497 /* Foundation.framework */; };
		1DF5F4E00D08C38300B7A737 /* UIKit.framework in Frameworks */ = {isa = PBXBuildFile; fileRef = 1DF5F4DF0D08C38300B7A737 /* UIKit.framework */; };
		288765A50DF7441C002DB57D /* CoreGraphics.framework in Frameworks */ = {isa = PBXBuildFile; fileRef = 288765A40DF7441C002DB57D /* CoreGraphics.framework */; };
		28D7ACF80DDB3853001CB0EB /* LayoutManagersViewController.m in Sources */ = {isa = PBXBuildFile; fileRef = 28D7ACF70DDB3853001CB0EB /* LayoutManagersViewController.m */; };
		AD89B8E7107BAFBA0085382A /* AbstractLayoutView.m in Sources */ = {isa = PBXBuildFile; fileRef = AD89B8E6107BAFBA0085382A /* AbstractLayoutView.m */; };
		AD8B7BDA107B8929001456CD /* HLayoutView.m in Sources */ = {isa = PBXBuildFile; fileRef = AD8B7BD7107B8929001456CD /* HLayoutView.m */; };
		AD8B7BDB107B8929001456CD /* License.txt in Resources */ = {isa = PBXBuildFile; fileRef = AD8B7BD8107B8929001456CD /* License.txt */; };
		AD8B7BDC107B8929001456CD /* Readme.txt in Resources */ = {isa = PBXBuildFile; fileRef = AD8B7BD9107B8929001456CD /* Readme.txt */; };
		AD8B7C6D107B905C001456CD /* VLayoutView.m in Sources */ = {isa = PBXBuildFile; fileRef = AD8B7C6C107B905C001456CD /* VLayoutView.m */; };
		FE1C2ACD132FD57500426E93 /* GridLayoutView.m in Sources */ = {isa = PBXBuildFile; fileRef = FE1C2ACC132FD57300426E93 /* GridLayoutView.m */; };
/* End PBXBuildFile section */

/* Begin PBXFileReference section */
		1D30AB110D05D00D00671497 /* Foundation.framework */ = {isa = PBXFileReference; lastKnownFileType = wrapper.framework; name = Foundation.framework; path = System/Library/Frameworks/Foundation.framework; sourceTree = SDKROOT; };
		1D3623240D0F684500981E51 /* LayoutManagersAppDelegate.h */ = {isa = PBXFileReference; fileEncoding = 4; lastKnownFileType = sourcecode.c.h; path = LayoutManagersAppDelegate.h; sourceTree = "<group>"; };
		1D3623250D0F684500981E51 /* LayoutManagersAppDelegate.m */ = {isa = PBXFileReference; fileEncoding = 4; lastKnownFileType = sourcecode.c.objc; path = LayoutManagersAppDelegate.m; sourceTree = "<group>"; };
		1D6058910D05DD3D006BFB54 /* LayoutManagers.app */ = {isa = PBXFileReference; explicitFileType = wrapper.application; includeInIndex = 0; path = LayoutManagers.app; sourceTree = BUILT_PRODUCTS_DIR; };
		1DF5F4DF0D08C38300B7A737 /* UIKit.framework */ = {isa = PBXFileReference; lastKnownFileType = wrapper.framework; name = UIKit.framework; path = System/Library/Frameworks/UIKit.framework; sourceTree = SDKROOT; };
		288765A40DF7441C002DB57D /* CoreGraphics.framework */ = {isa = PBXFileReference; lastKnownFileType = wrapper.framework; name = CoreGraphics.framework; path = System/Library/Frameworks/CoreGraphics.framework; sourceTree = SDKROOT; };
		28D7ACF60DDB3853001CB0EB /* LayoutManagersViewController.h */ = {isa = PBXFileReference; fileEncoding = 4; lastKnownFileType = sourcecode.c.h; path = LayoutManagersViewController.h; sourceTree = "<group>"; };
		28D7ACF70DDB3853001CB0EB /* LayoutManagersViewController.m */ = {isa = PBXFileReference; fileEncoding = 4; lastKnownFileType = sourcecode.c.objc; path = LayoutManagersViewController.m; sourceTree = "<group>"; };
		29B97316FDCFA39411CA2CEA /* main.m */ = {isa = PBXFileReference; fileEncoding = 4; lastKnownFileType = sourcecode.c.objc; path = main.m; sourceTree = "<group>"; };
		32CA4F630368D1EE00C91783 /* LayoutManagers_Prefix.pch */ = {isa = PBXFileReference; fileEncoding = 4; lastKnownFileType = sourcecode.c.h; path = LayoutManagers_Prefix.pch; sourceTree = "<group>"; };
		8D1107310486CEB800E47090 /* LayoutManagers-Info.plist */ = {isa = PBXFileReference; fileEncoding = 4; lastKnownFileType = text.plist.xml; path = "LayoutManagers-Info.plist"; plistStructureDefinitionIdentifier = "com.apple.xcode.plist.structure-definition.iphone.info-plist"; sourceTree = "<group>"; };
		AD89B8E5107BAFBA0085382A /* AbstractLayoutView.h */ = {isa = PBXFileReference; fileEncoding = 4; lastKnownFileType = sourcecode.c.h; path = AbstractLayoutView.h; sourceTree = "<group>"; };
		AD89B8E6107BAFBA0085382A /* AbstractLayoutView.m */ = {isa = PBXFileReference; fileEncoding = 4; lastKnownFileType = sourcecode.c.objc; path = AbstractLayoutView.m; sourceTree = "<group>"; };
		AD8B7BD2107B88B8001456CD /* License.txt */ = {isa = PBXFileReference; fileEncoding = 4; lastKnownFileType = text; path = License.txt; sourceTree = "<group>"; };
		AD8B7BD3107B88B8001456CD /* Readme.txt */ = {isa = PBXFileReference; fileEncoding = 4; lastKnownFileType = text; path = Readme.txt; sourceTree = "<group>"; };
		AD8B7BD6107B8929001456CD /* HLayoutView.h */ = {isa = PBXFileReference; fileEncoding = 4; lastKnownFileType = sourcecode.c.h; path = HLayoutView.h; sourceTree = "<group>"; };
		AD8B7BD7107B8929001456CD /* HLayoutView.m */ = {isa = PBXFileReference; fileEncoding = 4; lastKnownFileType = sourcecode.c.objc; path = HLayoutView.m; sourceTree = "<group>"; };
		AD8B7BD8107B8929001456CD /* License.txt */ = {isa = PBXFileReference; fileEncoding = 4; lastKnownFileType = text; path = License.txt; sourceTree = "<group>"; };
		AD8B7BD9107B8929001456CD /* Readme.txt */ = {isa = PBXFileReference; fileEncoding = 4; lastKnownFileType = text; path = Readme.txt; sourceTree = "<group>"; };
		AD8B7C18107B8B53001456CD /* LayoutManagers.h */ = {isa = PBXFileReference; fileEncoding = 4; lastKnownFileType = sourcecode.c.h; path = LayoutManagers.h; sourceTree = "<group>"; };
		AD8B7C6B107B905C001456CD /* VLayoutView.h */ = {isa = PBXFileReference; fileEncoding = 4; lastKnownFileType = sourcecode.c.h; path = VLayoutView.h; sourceTree = "<group>"; };
		AD8B7C6C107B905C001456CD /* VLayoutView.m */ = {isa = PBXFileReference; fileEncoding = 4; lastKnownFileType = sourcecode.c.objc; path = VLayoutView.m; sourceTree = "<group>"; };
		FE1C2ACB132FD57200426E93 /* GridLayoutView.h */ = {isa = PBXFileReference; fileEncoding = 4; lastKnownFileType = sourcecode.c.h; path = GridLayoutView.h; sourceTree = "<group>"; };
		FE1C2ACC132FD57300426E93 /* GridLayoutView.m */ = {isa = PBXFileReference; fileEncoding = 4; lastKnownFileType = sourcecode.c.objc; path = GridLayoutView.m; sourceTree = "<group>"; };
/* End PBXFileReference section */

/* Begin PBXFrameworksBuildPhase section */
		1D60588F0D05DD3D006BFB54 /* Frameworks */ = {
			isa = PBXFrameworksBuildPhase;
			buildActionMask = 2147483647;
			files = (
				1D60589F0D05DD5A006BFB54 /* Foundation.framework in Frameworks */,
				1DF5F4E00D08C38300B7A737 /* UIKit.framework in Frameworks */,
				288765A50DF7441C002DB57D /* CoreGraphics.framework in Frameworks */,
			);
			runOnlyForDeploymentPostprocessing = 0;
		};
/* End PBXFrameworksBuildPhase section */

/* Begin PBXGroup section */
		080E96DDFE201D6D7F000001 /* Classes */ = {
			isa = PBXGroup;
			children = (
				1D3623240D0F684500981E51 /* LayoutManagersAppDelegate.h */,
				1D3623250D0F684500981E51 /* LayoutManagersAppDelegate.m */,
				28D7ACF60DDB3853001CB0EB /* LayoutManagersViewController.h */,
				28D7ACF70DDB3853001CB0EB /* LayoutManagersViewController.m */,
				AD8B7BD5107B8929001456CD /* LayoutManagers */,
			);
			path = Classes;
			sourceTree = "<group>";
		};
		19C28FACFE9D520D11CA2CBB /* Products */ = {
			isa = PBXGroup;
			children = (
				1D6058910D05DD3D006BFB54 /* LayoutManagers.app */,
			);
			name = Products;
			sourceTree = "<group>";
		};
		29B97314FDCFA39411CA2CEA /* CustomTemplate */ = {
			isa = PBXGroup;
			children = (
				AD8B7BD2107B88B8001456CD /* License.txt */,
				AD8B7BD3107B88B8001456CD /* Readme.txt */,
				8D1107310486CEB800E47090 /* LayoutManagers-Info.plist */,
				32CA4F630368D1EE00C91783 /* LayoutManagers_Prefix.pch */,
				29B97316FDCFA39411CA2CEA /* main.m */,
				080E96DDFE201D6D7F000001 /* Classes */,
				29B97317FDCFA39411CA2CEA /* Resources */,
				29B97323FDCFA39411CA2CEA /* Frameworks */,
				19C28FACFE9D520D11CA2CBB /* Products */,
			);
			name = CustomTemplate;
			sourceTree = "<group>";
		};
		29B97317FDCFA39411CA2CEA /* Resources */ = {
			isa = PBXGroup;
			children = (
			);
			name = Resources;
			sourceTree = "<group>";
		};
		29B97323FDCFA39411CA2CEA /* Frameworks */ = {
			isa = PBXGroup;
			children = (
				1DF5F4DF0D08C38300B7A737 /* UIKit.framework */,
				1D30AB110D05D00D00671497 /* Foundation.framework */,
				288765A40DF7441C002DB57D /* CoreGraphics.framework */,
			);
			name = Frameworks;
			sourceTree = "<group>";
		};
		AD8B7BD5107B8929001456CD /* LayoutManagers */ = {
			isa = PBXGroup;
			children = (
				AD8B7BD8107B8929001456CD /* License.txt */,
				AD8B7BD9107B8929001456CD /* Readme.txt */,
				AD8B7C18107B8B53001456CD /* LayoutManagers.h */,
				AD89B8E5107BAFBA0085382A /* AbstractLayoutView.h */,
				AD89B8E6107BAFBA0085382A /* AbstractLayoutView.m */,
				AD8B7BD6107B8929001456CD /* HLayoutView.h */,
				AD8B7BD7107B8929001456CD /* HLayoutView.m */,
				AD8B7C6B107B905C001456CD /* VLayoutView.h */,
				AD8B7C6C107B905C001456CD /* VLayoutView.m */,
				FE1C2ACB132FD57200426E93 /* GridLayoutView.h */,
				FE1C2ACC132FD57300426E93 /* GridLayoutView.m */,
			);
			path = LayoutManagers;
			sourceTree = "<group>";
		};
/* End PBXGroup section */

/* Begin PBXNativeTarget section */
		1D6058900D05DD3D006BFB54 /* LayoutManagers */ = {
			isa = PBXNativeTarget;
			buildConfigurationList = 1D6058960D05DD3E006BFB54 /* Build configuration list for PBXNativeTarget "LayoutManagers" */;
			buildPhases = (
				1D60588D0D05DD3D006BFB54 /* Resources */,
				1D60588E0D05DD3D006BFB54 /* Sources */,
				1D60588F0D05DD3D006BFB54 /* Frameworks */,
			);
			buildRules = (
			);
			dependencies = (
			);
			name = LayoutManagers;
			productName = LayoutManagers;
			productReference = 1D6058910D05DD3D006BFB54 /* LayoutManagers.app */;
			productType = "com.apple.product-type.application";
		};
/* End PBXNativeTarget section */

/* Begin PBXProject section */
		29B97313FDCFA39411CA2CEA /* Project object */ = {
			isa = PBXProject;
			buildConfigurationList = C01FCF4E08A954540054247B /* Build configuration list for PBXProject "LayoutManagers" */;
			compatibilityVersion = "Xcode 3.1";
			developmentRegion = English;
			hasScannedForEncodings = 1;
			knownRegions = (
				en,
			);
			mainGroup = 29B97314FDCFA39411CA2CEA /* CustomTemplate */;
			projectDirPath = "";
			projectRoot = "";
			targets = (
				1D6058900D05DD3D006BFB54 /* LayoutManagers */,
			);
		};
/* End PBXProject section */

/* Begin PBXResourcesBuildPhase section */
		1D60588D0D05DD3D006BFB54 /* Resources */ = {
			isa = PBXResourcesBuildPhase;
			buildActionMask = 2147483647;
			files = (
				AD8B7BDB107B8929001456CD /* License.txt in Resources */,
				AD8B7BDC107B8929001456CD /* Readme.txt in Resources */,
			);
			runOnlyForDeploymentPostprocessing = 0;
		};
/* End PBXResourcesBuildPhase section */

/* Begin PBXSourcesBuildPhase section */
		1D60588E0D05DD3D006BFB54 /* Sources */ = {
			isa = PBXSourcesBuildPhase;
			buildActionMask = 2147483647;
			files = (
				1D60589B0D05DD56006BFB54 /* main.m in Sources */,
				1D3623260D0F684500981E51 /* LayoutManagersAppDelegate.m in Sources */,
				28D7ACF80DDB3853001CB0EB /* LayoutManagersViewController.m in Sources */,
				AD8B7BDA107B8929001456CD /* HLayoutView.m in Sources */,
				AD8B7C6D107B905C001456CD /* VLayoutView.m in Sources */,
				AD89B8E7107BAFBA0085382A /* AbstractLayoutView.m in Sources */,
				FE1C2ACD132FD57500426E93 /* GridLayoutView.m in Sources */,
			);
			runOnlyForDeploymentPostprocessing = 0;
		};
/* End PBXSourcesBuildPhase section */

/* Begin XCBuildConfiguration section */
		1D6058940D05DD3E006BFB54 /* Debug */ = {
			isa = XCBuildConfiguration;
			buildSettings = {
				ALWAYS_SEARCH_USER_PATHS = NO;
				COPY_PHASE_STRIP = NO;
				GCC_DYNAMIC_NO_PIC = NO;
				GCC_OPTIMIZATION_LEVEL = 0;
				GCC_PRECOMPILE_PREFIX_HEADER = YES;
				GCC_PREFIX_HEADER = LayoutManagers_Prefix.pch;
				INFOPLIST_FILE = "LayoutManagers-Info.plist";
				PRODUCT_NAME = LayoutManagers;
				SDKROOT = iphoneos;
			};
			name = Debug;
		};
		1D6058950D05DD3E006BFB54 /* Release */ = {
			isa = XCBuildConfiguration;
			buildSettings = {
				ALWAYS_SEARCH_USER_PATHS = NO;
				COPY_PHASE_STRIP = YES;
				GCC_PRECOMPILE_PREFIX_HEADER = YES;
				GCC_PREFIX_HEADER = LayoutManagers_Prefix.pch;
				INFOPLIST_FILE = "LayoutManagers-Info.plist";
				PRODUCT_NAME = LayoutManagers;
				SDKROOT = iphoneos;
			};
			name = Release;
		};
		C01FCF4F08A954540054247B /* Debug */ = {
			isa = XCBuildConfiguration;
			buildSettings = {
				ARCHS = "$(ARCHS_STANDARD_32_BIT)";
				"CODE_SIGN_IDENTITY[sdk=iphoneos*]" = "iPhone Developer";
				GCC_C_LANGUAGE_STANDARD = c99;
				GCC_WARN_ABOUT_RETURN_TYPE = YES;
				GCC_WARN_UNUSED_VARIABLE = YES;
				PREBINDING = NO;
				SDKROOT = iphoneos3.1;
			};
			name = Debug;
		};
		C01FCF5008A954540054247B /* Release */ = {
			isa = XCBuildConfiguration;
			buildSettings = {
				ARCHS = "$(ARCHS_STANDARD_32_BIT)";
				"CODE_SIGN_IDENTITY[sdk=iphoneos*]" = "iPhone Developer";
				GCC_C_LANGUAGE_STANDARD = c99;
				GCC_WARN_ABOUT_RETURN_TYPE = YES;
				GCC_WARN_UNUSED_VARIABLE = YES;
				PREBINDING = NO;
				SDKROOT = iphoneos3.1;
			};
			name = Release;
		};
/* End XCBuildConfiguration section */

/* Begin XCConfigurationList section */
		1D6058960D05DD3E006BFB54 /* Build configuration list for PBXNativeTarget "LayoutManagers" */ = {
			isa = XCConfigurationList;
			buildConfigurations = (
				1D6058940D05DD3E006BFB54 /* Debug */,
				1D6058950D05DD3E006BFB54 /* Release */,
			);
			defaultConfigurationIsVisible = 0;
			defaultConfigurationName = Release;
		};
		C01FCF4E08A954540054247B /* Build configuration list for PBXProject "LayoutManagers" */ = {
			isa = XCConfigurationList;
			buildConfigurations = (
				C01FCF4F08A954540054247B /* Debug */,
				C01FCF5008A954540054247B /* Release */,
			);
			defaultConfigurationIsVisible = 0;
			defaultConfigurationName = Release;
		};
/* End XCConfigurationList section */
	};
	rootObject = 29B97313FDCFA39411CA2CEA /* Project object */;
}
